
Microsoft Visual Studio Solution File, Format Version 12.00
# Visual Studio Version 17
VisualStudioVersion = 17.3.32922.545
MinimumVisualStudioVersion = 10.0.40219.1
Project("{D954291E-2A0B-460D-934E-DC6B0785DB48}") = "App9.Shared", "App9\App9.Shared\App9.Shared.shproj", "{6279C845-92F8-4333-AB99-3D213163593C}"
EndProject
Project("{2150E333-8FDC-42A3-9474-1A3956D46DE8}") = "Platforms", "Platforms", "{D6A485AD-F4AB-4CDD-AE40-89BCC32F412C}"
EndProject
Project("{FAE04EC0-301F-11D3-BF4B-00C04F79EFBC}") = "App9.UWP", "App9\App9.UWP\App9.UWP.csproj", "{3A6DD632-4599-4089-B460-21982522798F}"
EndProject
Project("{FAE04EC0-301F-11D3-BF4B-00C04F79EFBC}") = "App9.Wasm", "App9\App9.Wasm\App9.Wasm.csproj", "{0CAD23E3-351F-4FDA-BFE6-D966F0DEF194}"
EndProject
Project("{9A19103F-16F7-4668-BE54-9A1E7A4F7556}") = "localization", "App9\localization\localization.csproj", "{6EBB92C2-9093-42BD-94F0-50BE0240F456}"
EndProject
Global
	GlobalSection(SolutionConfigurationPlatforms) = preSolution
		Ad-Hoc|Any CPU = Ad-Hoc|Any CPU
		Ad-Hoc|ARM = Ad-Hoc|ARM
		Ad-Hoc|ARM64 = Ad-Hoc|ARM64
		Ad-Hoc|iPhone = Ad-Hoc|iPhone
		Ad-Hoc|iPhoneSimulator = Ad-Hoc|iPhoneSimulator
		Ad-Hoc|x64 = Ad-Hoc|x64
		Ad-Hoc|x86 = Ad-Hoc|x86
		AppCenter|Any CPU = AppCenter|Any CPU
		AppCenter|ARM = AppCenter|ARM
		AppCenter|ARM64 = AppCenter|ARM64
		AppCenter|iPhone = AppCenter|iPhone
		AppCenter|iPhoneSimulator = AppCenter|iPhoneSimulator
		AppCenter|x64 = AppCenter|x64
		AppCenter|x86 = AppCenter|x86
		AppStore|Any CPU = AppStore|Any CPU
		AppStore|ARM = AppStore|ARM
		AppStore|ARM64 = AppStore|ARM64
		AppStore|iPhone = AppStore|iPhone
		AppStore|iPhoneSimulator = AppStore|iPhoneSimulator
		AppStore|x64 = AppStore|x64
		AppStore|x86 = AppStore|x86
		Debug|Any CPU = Debug|Any CPU
		Debug|ARM = Debug|ARM
		Debug|ARM64 = Debug|ARM64
		Debug|iPhone = Debug|iPhone
		Debug|iPhoneSimulator = Debug|iPhoneSimulator
		Debug|x64 = Debug|x64
		Debug|x86 = Debug|x86
		MultiRepoDebug|Any CPU = MultiRepoDebug|Any CPU
		MultiRepoDebug|ARM = MultiRepoDebug|ARM
		MultiRepoDebug|ARM64 = MultiRepoDebug|ARM64
		MultiRepoDebug|iPhone = MultiRepoDebug|iPhone
		MultiRepoDebug|iPhoneSimulator = MultiRepoDebug|iPhoneSimulator
		MultiRepoDebug|x64 = MultiRepoDebug|x64
		MultiRepoDebug|x86 = MultiRepoDebug|x86
		Release|Any CPU = Release|Any CPU
		Release|ARM = Release|ARM
		Release|ARM64 = Release|ARM64
		Release|iPhone = Release|iPhone
		Release|iPhoneSimulator = Release|iPhoneSimulator
		Release|x64 = Release|x64
		Release|x86 = Release|x86
	EndGlobalSection
	GlobalSection(ProjectConfigurationPlatforms) = postSolution
		{3A6DD632-4599-4089-B460-21982522798F}.Ad-Hoc|Any CPU.ActiveCfg = Debug|x64
		{3A6DD632-4599-4089-B460-21982522798F}.Ad-Hoc|Any CPU.Build.0 = Debug|x64
		{3A6DD632-4599-4089-B460-21982522798F}.Ad-Hoc|Any CPU.Deploy.0 = Debug|x64
		{3A6DD632-4599-4089-B460-21982522798F}.Ad-Hoc|ARM.ActiveCfg = Debug|ARM
		{3A6DD632-4599-4089-B460-21982522798F}.Ad-Hoc|ARM.Build.0 = Debug|ARM
		{3A6DD632-4599-4089-B460-21982522798F}.Ad-Hoc|ARM.Deploy.0 = Debug|ARM
		{3A6DD632-4599-4089-B460-21982522798F}.Ad-Hoc|ARM64.ActiveCfg = Debug|ARM64
		{3A6DD632-4599-4089-B460-21982522798F}.Ad-Hoc|ARM64.Build.0 = Debug|ARM64
		{3A6DD632-4599-4089-B460-21982522798F}.Ad-Hoc|ARM64.Deploy.0 = Debug|ARM64
		{3A6DD632-4599-4089-B460-21982522798F}.Ad-Hoc|iPhone.ActiveCfg = Debug|x64
		{3A6DD632-4599-4089-B460-21982522798F}.Ad-Hoc|iPhone.Build.0 = Debug|x64
		{3A6DD632-4599-4089-B460-21982522798F}.Ad-Hoc|iPhone.Deploy.0 = Debug|x64
		{3A6DD632-4599-4089-B460-21982522798F}.Ad-Hoc|iPhoneSimulator.ActiveCfg = Debug|x64
		{3A6DD632-4599-4089-B460-21982522798F}.Ad-Hoc|iPhoneSimulator.Build.0 = Debug|x64
		{3A6DD632-4599-4089-B460-21982522798F}.Ad-Hoc|iPhoneSimulator.Deploy.0 = Debug|x64
		{3A6DD632-4599-4089-B460-21982522798F}.Ad-Hoc|x64.ActiveCfg = Debug|x64
		{3A6DD632-4599-4089-B460-21982522798F}.Ad-Hoc|x64.Build.0 = Debug|x64
		{3A6DD632-4599-4089-B460-21982522798F}.Ad-Hoc|x64.Deploy.0 = Debug|x64
		{3A6DD632-4599-4089-B460-21982522798F}.Ad-Hoc|x86.ActiveCfg = Debug|x86
		{3A6DD632-4599-4089-B460-21982522798F}.Ad-Hoc|x86.Build.0 = Debug|x86
		{3A6DD632-4599-4089-B460-21982522798F}.Ad-Hoc|x86.Deploy.0 = Debug|x86
		{3A6DD632-4599-4089-B460-21982522798F}.AppCenter|Any CPU.ActiveCfg = Debug|x64
		{3A6DD632-4599-4089-B460-21982522798F}.AppCenter|Any CPU.Build.0 = Debug|x64
		{3A6DD632-4599-4089-B460-21982522798F}.AppCenter|Any CPU.Deploy.0 = Debug|x64
		{3A6DD632-4599-4089-B460-21982522798F}.AppCenter|ARM.ActiveCfg = Debug|ARM
		{3A6DD632-4599-4089-B460-21982522798F}.AppCenter|ARM.Build.0 = Debug|ARM
		{3A6DD632-4599-4089-B460-21982522798F}.AppCenter|ARM.Deploy.0 = Debug|ARM
		{3A6DD632-4599-4089-B460-21982522798F}.AppCenter|ARM64.ActiveCfg = Debug|ARM64
		{3A6DD632-4599-4089-B460-21982522798F}.AppCenter|ARM64.Build.0 = Debug|ARM64
		{3A6DD632-4599-4089-B460-21982522798F}.AppCenter|ARM64.Deploy.0 = Debug|ARM64
		{3A6DD632-4599-4089-B460-21982522798F}.AppCenter|iPhone.ActiveCfg = Debug|x64
		{3A6DD632-4599-4089-B460-21982522798F}.AppCenter|iPhone.Build.0 = Debug|x64
		{3A6DD632-4599-4089-B460-21982522798F}.AppCenter|iPhone.Deploy.0 = Debug|x64
		{3A6DD632-4599-4089-B460-21982522798F}.AppCenter|iPhoneSimulator.ActiveCfg = Debug|x64
		{3A6DD632-4599-4089-B460-21982522798F}.AppCenter|iPhoneSimulator.Build.0 = Debug|x64
		{3A6DD632-4599-4089-B460-21982522798F}.AppCenter|iPhoneSimulator.Deploy.0 = Debug|x64
		{3A6DD632-4599-4089-B460-21982522798F}.AppCenter|x64.ActiveCfg = Debug|x64
		{3A6DD632-4599-4089-B460-21982522798F}.AppCenter|x64.Build.0 = Debug|x64
		{3A6DD632-4599-4089-B460-21982522798F}.AppCenter|x64.Deploy.0 = Debug|x64
		{3A6DD632-4599-4089-B460-21982522798F}.AppCenter|x86.ActiveCfg = Debug|x86
		{3A6DD632-4599-4089-B460-21982522798F}.AppCenter|x86.Build.0 = Debug|x86
		{3A6DD632-4599-4089-B460-21982522798F}.AppCenter|x86.Deploy.0 = Debug|x86
		{3A6DD632-4599-4089-B460-21982522798F}.AppStore|Any CPU.ActiveCfg = Debug|x64
		{3A6DD632-4599-4089-B460-21982522798F}.AppStore|Any CPU.Build.0 = Debug|x64
		{3A6DD632-4599-4089-B460-21982522798F}.AppStore|Any CPU.Deploy.0 = Debug|x64
		{3A6DD632-4599-4089-B460-21982522798F}.AppStore|ARM.ActiveCfg = Debug|ARM
		{3A6DD632-4599-4089-B460-21982522798F}.AppStore|ARM.Build.0 = Debug|ARM
		{3A6DD632-4599-4089-B460-21982522798F}.AppStore|ARM.Deploy.0 = Debug|ARM
		{3A6DD632-4599-4089-B460-21982522798F}.AppStore|ARM64.ActiveCfg = Debug|ARM64
		{3A6DD632-4599-4089-B460-21982522798F}.AppStore|ARM64.Build.0 = Debug|ARM64
		{3A6DD632-4599-4089-B460-21982522798F}.AppStore|ARM64.Deploy.0 = Debug|ARM64
		{3A6DD632-4599-4089-B460-21982522798F}.AppStore|iPhone.ActiveCfg = Debug|x64
		{3A6DD632-4599-4089-B460-21982522798F}.AppStore|iPhone.Build.0 = Debug|x64
		{3A6DD632-4599-4089-B460-21982522798F}.AppStore|iPhone.Deploy.0 = Debug|x64
		{3A6DD632-4599-4089-B460-21982522798F}.AppStore|iPhoneSimulator.ActiveCfg = Debug|x64
		{3A6DD632-4599-4089-B460-21982522798F}.AppStore|iPhoneSimulator.Build.0 = Debug|x64
		{3A6DD632-4599-4089-B460-21982522798F}.AppStore|iPhoneSimulator.Deploy.0 = Debug|x64
		{3A6DD632-4599-4089-B460-21982522798F}.AppStore|x64.ActiveCfg = Debug|x64
		{3A6DD632-4599-4089-B460-21982522798F}.AppStore|x64.Build.0 = Debug|x64
		{3A6DD632-4599-4089-B460-21982522798F}.AppStore|x64.Deploy.0 = Debug|x64
		{3A6DD632-4599-4089-B460-21982522798F}.AppStore|x86.ActiveCfg = Debug|x86
		{3A6DD632-4599-4089-B460-21982522798F}.AppStore|x86.Build.0 = Debug|x86
		{3A6DD632-4599-4089-B460-21982522798F}.AppStore|x86.Deploy.0 = Debug|x86
		{3A6DD632-4599-4089-B460-21982522798F}.Debug|Any CPU.ActiveCfg = Debug|x64
		{3A6DD632-4599-4089-B460-21982522798F}.Debug|Any CPU.Build.0 = Debug|x64
		{3A6DD632-4599-4089-B460-21982522798F}.Debug|Any CPU.Deploy.0 = Debug|x64
		{3A6DD632-4599-4089-B460-21982522798F}.Debug|ARM.ActiveCfg = Debug|ARM
		{3A6DD632-4599-4089-B460-21982522798F}.Debug|ARM.Build.0 = Debug|ARM
		{3A6DD632-4599-4089-B460-21982522798F}.Debug|ARM.Deploy.0 = Debug|ARM
		{3A6DD632-4599-4089-B460-21982522798F}.Debug|ARM64.ActiveCfg = Debug|ARM64
		{3A6DD632-4599-4089-B460-21982522798F}.Debug|ARM64.Build.0 = Debug|ARM64
		{3A6DD632-4599-4089-B460-21982522798F}.Debug|ARM64.Deploy.0 = Debug|ARM64
		{3A6DD632-4599-4089-B460-21982522798F}.Debug|iPhone.ActiveCfg = Debug|x64
		{3A6DD632-4599-4089-B460-21982522798F}.Debug|iPhone.Build.0 = Debug|x64
		{3A6DD632-4599-4089-B460-21982522798F}.Debug|iPhone.Deploy.0 = Debug|x64
		{3A6DD632-4599-4089-B460-21982522798F}.Debug|iPhoneSimulator.ActiveCfg = Debug|x64
		{3A6DD632-4599-4089-B460-21982522798F}.Debug|iPhoneSimulator.Build.0 = Debug|x64
		{3A6DD632-4599-4089-B460-21982522798F}.Debug|iPhoneSimulator.Deploy.0 = Debug|x64
		{3A6DD632-4599-4089-B460-21982522798F}.Debug|x64.ActiveCfg = Debug|x64
		{3A6DD632-4599-4089-B460-21982522798F}.Debug|x64.Build.0 = Debug|x64
		{3A6DD632-4599-4089-B460-21982522798F}.Debug|x64.Deploy.0 = Debug|x64
		{3A6DD632-4599-4089-B460-21982522798F}.Debug|x86.ActiveCfg = Debug|x86
		{3A6DD632-4599-4089-B460-21982522798F}.Debug|x86.Build.0 = Debug|x86
		{3A6DD632-4599-4089-B460-21982522798F}.Debug|x86.Deploy.0 = Debug|x86
		{3A6DD632-4599-4089-B460-21982522798F}.MultiRepoDebug|Any CPU.ActiveCfg = Debug|x64
		{3A6DD632-4599-4089-B460-21982522798F}.MultiRepoDebug|Any CPU.Build.0 = Debug|x64
		{3A6DD632-4599-4089-B460-21982522798F}.MultiRepoDebug|Any CPU.Deploy.0 = Debug|x64
		{3A6DD632-4599-4089-B460-21982522798F}.MultiRepoDebug|ARM.ActiveCfg = Debug|ARM
		{3A6DD632-4599-4089-B460-21982522798F}.MultiRepoDebug|ARM.Build.0 = Debug|ARM
		{3A6DD632-4599-4089-B460-21982522798F}.MultiRepoDebug|ARM.Deploy.0 = Debug|ARM
		{3A6DD632-4599-4089-B460-21982522798F}.MultiRepoDebug|ARM64.ActiveCfg = Debug|ARM64
		{3A6DD632-4599-4089-B460-21982522798F}.MultiRepoDebug|ARM64.Build.0 = Debug|ARM64
		{3A6DD632-4599-4089-B460-21982522798F}.MultiRepoDebug|ARM64.Deploy.0 = Debug|ARM64
		{3A6DD632-4599-4089-B460-21982522798F}.MultiRepoDebug|iPhone.ActiveCfg = Debug|x64
		{3A6DD632-4599-4089-B460-21982522798F}.MultiRepoDebug|iPhone.Build.0 = Debug|x64
		{3A6DD632-4599-4089-B460-21982522798F}.MultiRepoDebug|iPhone.Deploy.0 = Debug|x64
		{3A6DD632-4599-4089-B460-21982522798F}.MultiRepoDebug|iPhoneSimulator.ActiveCfg = Debug|x64
		{3A6DD632-4599-4089-B460-21982522798F}.MultiRepoDebug|iPhoneSimulator.Build.0 = Debug|x64
		{3A6DD632-4599-4089-B460-21982522798F}.MultiRepoDebug|iPhoneSimulator.Deploy.0 = Debug|x64
		{3A6DD632-4599-4089-B460-21982522798F}.MultiRepoDebug|x64.ActiveCfg = Debug|x64
		{3A6DD632-4599-4089-B460-21982522798F}.MultiRepoDebug|x64.Build.0 = Debug|x64
		{3A6DD632-4599-4089-B460-21982522798F}.MultiRepoDebug|x64.Deploy.0 = Debug|x64
		{3A6DD632-4599-4089-B460-21982522798F}.MultiRepoDebug|x86.ActiveCfg = Debug|x86
		{3A6DD632-4599-4089-B460-21982522798F}.MultiRepoDebug|x86.Build.0 = Debug|x86
		{3A6DD632-4599-4089-B460-21982522798F}.MultiRepoDebug|x86.Deploy.0 = Debug|x86
		{3A6DD632-4599-4089-B460-21982522798F}.Release|Any CPU.ActiveCfg = Release|x64
		{3A6DD632-4599-4089-B460-21982522798F}.Release|Any CPU.Build.0 = Release|x64
		{3A6DD632-4599-4089-B460-21982522798F}.Release|Any CPU.Deploy.0 = Release|x64
		{3A6DD632-4599-4089-B460-21982522798F}.Release|ARM.ActiveCfg = Release|ARM
		{3A6DD632-4599-4089-B460-21982522798F}.Release|ARM.Build.0 = Release|ARM
		{3A6DD632-4599-4089-B460-21982522798F}.Release|ARM.Deploy.0 = Release|ARM
		{3A6DD632-4599-4089-B460-21982522798F}.Release|ARM64.ActiveCfg = Release|ARM64
		{3A6DD632-4599-4089-B460-21982522798F}.Release|ARM64.Build.0 = Release|ARM64
		{3A6DD632-4599-4089-B460-21982522798F}.Release|ARM64.Deploy.0 = Release|ARM64
		{3A6DD632-4599-4089-B460-21982522798F}.Release|iPhone.ActiveCfg = Release|x64
		{3A6DD632-4599-4089-B460-21982522798F}.Release|iPhone.Build.0 = Release|x64
		{3A6DD632-4599-4089-B460-21982522798F}.Release|iPhone.Deploy.0 = Release|x64
		{3A6DD632-4599-4089-B460-21982522798F}.Release|iPhoneSimulator.ActiveCfg = Release|x64
		{3A6DD632-4599-4089-B460-21982522798F}.Release|iPhoneSimulator.Build.0 = Release|x64
		{3A6DD632-4599-4089-B460-21982522798F}.Release|iPhoneSimulator.Deploy.0 = Release|x64
		{3A6DD632-4599-4089-B460-21982522798F}.Release|x64.ActiveCfg = Release|x64
		{3A6DD632-4599-4089-B460-21982522798F}.Release|x64.Build.0 = Release|x64
		{3A6DD632-4599-4089-B460-21982522798F}.Release|x64.Deploy.0 = Release|x64
		{3A6DD632-4599-4089-B460-21982522798F}.Release|x86.ActiveCfg = Release|x86
		{3A6DD632-4599-4089-B460-21982522798F}.Release|x86.Build.0 = Release|x86
		{3A6DD632-4599-4089-B460-21982522798F}.Release|x86.Deploy.0 = Release|x86
		{0CAD23E3-351F-4FDA-BFE6-D966F0DEF194}.Ad-Hoc|Any CPU.ActiveCfg = Debug|Any CPU
		{0CAD23E3-351F-4FDA-BFE6-D966F0DEF194}.Ad-Hoc|Any CPU.Build.0 = Debug|Any CPU
		{0CAD23E3-351F-4FDA-BFE6-D966F0DEF194}.Ad-Hoc|ARM.ActiveCfg = Debug|Any CPU
		{0CAD23E3-351F-4FDA-BFE6-D966F0DEF194}.Ad-Hoc|ARM.Build.0 = Debug|Any CPU
		{0CAD23E3-351F-4FDA-BFE6-D966F0DEF194}.Ad-Hoc|ARM64.ActiveCfg = Debug|Any CPU
		{0CAD23E3-351F-4FDA-BFE6-D966F0DEF194}.Ad-Hoc|ARM64.Build.0 = Debug|Any CPU
		{0CAD23E3-351F-4FDA-BFE6-D966F0DEF194}.Ad-Hoc|iPhone.ActiveCfg = Debug|Any CPU
		{0CAD23E3-351F-4FDA-BFE6-D966F0DEF194}.Ad-Hoc|iPhone.Build.0 = Debug|Any CPU
		{0CAD23E3-351F-4FDA-BFE6-D966F0DEF194}.Ad-Hoc|iPhoneSimulator.ActiveCfg = Debug|Any CPU
		{0CAD23E3-351F-4FDA-BFE6-D966F0DEF194}.Ad-Hoc|iPhoneSimulator.Build.0 = Debug|Any CPU
		{0CAD23E3-351F-4FDA-BFE6-D966F0DEF194}.Ad-Hoc|x64.ActiveCfg = Debug|Any CPU
		{0CAD23E3-351F-4FDA-BFE6-D966F0DEF194}.Ad-Hoc|x64.Build.0 = Debug|Any CPU
		{0CAD23E3-351F-4FDA-BFE6-D966F0DEF194}.Ad-Hoc|x86.ActiveCfg = Debug|Any CPU
		{0CAD23E3-351F-4FDA-BFE6-D966F0DEF194}.Ad-Hoc|x86.Build.0 = Debug|Any CPU
		{0CAD23E3-351F-4FDA-BFE6-D966F0DEF194}.AppCenter|Any CPU.ActiveCfg = Debug|Any CPU
		{0CAD23E3-351F-4FDA-BFE6-D966F0DEF194}.AppCenter|Any CPU.Build.0 = Debug|Any CPU
		{0CAD23E3-351F-4FDA-BFE6-D966F0DEF194}.AppCenter|ARM.ActiveCfg = Debug|Any CPU
		{0CAD23E3-351F-4FDA-BFE6-D966F0DEF194}.AppCenter|ARM.Build.0 = Debug|Any CPU
		{0CAD23E3-351F-4FDA-BFE6-D966F0DEF194}.AppCenter|ARM64.ActiveCfg = Debug|Any CPU
		{0CAD23E3-351F-4FDA-BFE6-D966F0DEF194}.AppCenter|ARM64.Build.0 = Debug|Any CPU
		{0CAD23E3-351F-4FDA-BFE6-D966F0DEF194}.AppCenter|iPhone.ActiveCfg = Debug|Any CPU
		{0CAD23E3-351F-4FDA-BFE6-D966F0DEF194}.AppCenter|iPhone.Build.0 = Debug|Any CPU
		{0CAD23E3-351F-4FDA-BFE6-D966F0DEF194}.AppCenter|iPhoneSimulator.ActiveCfg = Debug|Any CPU
		{0CAD23E3-351F-4FDA-BFE6-D966F0DEF194}.AppCenter|iPhoneSimulator.Build.0 = Debug|Any CPU
		{0CAD23E3-351F-4FDA-BFE6-D966F0DEF194}.AppCenter|x64.ActiveCfg = Debug|Any CPU
		{0CAD23E3-351F-4FDA-BFE6-D966F0DEF194}.AppCenter|x64.Build.0 = Debug|Any CPU
		{0CAD23E3-351F-4FDA-BFE6-D966F0DEF194}.AppCenter|x86.ActiveCfg = Debug|Any CPU
		{0CAD23E3-351F-4FDA-BFE6-D966F0DEF194}.AppCenter|x86.Build.0 = Debug|Any CPU
		{0CAD23E3-351F-4FDA-BFE6-D966F0DEF194}.AppStore|Any CPU.ActiveCfg = Debug|Any CPU
		{0CAD23E3-351F-4FDA-BFE6-D966F0DEF194}.AppStore|Any CPU.Build.0 = Debug|Any CPU
		{0CAD23E3-351F-4FDA-BFE6-D966F0DEF194}.AppStore|ARM.ActiveCfg = Debug|Any CPU
		{0CAD23E3-351F-4FDA-BFE6-D966F0DEF194}.AppStore|ARM.Build.0 = Debug|Any CPU
		{0CAD23E3-351F-4FDA-BFE6-D966F0DEF194}.AppStore|ARM64.ActiveCfg = Debug|Any CPU
		{0CAD23E3-351F-4FDA-BFE6-D966F0DEF194}.AppStore|ARM64.Build.0 = Debug|Any CPU
		{0CAD23E3-351F-4FDA-BFE6-D966F0DEF194}.AppStore|iPhone.ActiveCfg = Debug|Any CPU
		{0CAD23E3-351F-4FDA-BFE6-D966F0DEF194}.AppStore|iPhone.Build.0 = Debug|Any CPU
		{0CAD23E3-351F-4FDA-BFE6-D966F0DEF194}.AppStore|iPhoneSimulator.ActiveCfg = Debug|Any CPU
		{0CAD23E3-351F-4FDA-BFE6-D966F0DEF194}.AppStore|iPhoneSimulator.Build.0 = Debug|Any CPU
		{0CAD23E3-351F-4FDA-BFE6-D966F0DEF194}.AppStore|x64.ActiveCfg = Debug|Any CPU
		{0CAD23E3-351F-4FDA-BFE6-D966F0DEF194}.AppStore|x64.Build.0 = Debug|Any CPU
		{0CAD23E3-351F-4FDA-BFE6-D966F0DEF194}.AppStore|x86.ActiveCfg = Debug|Any CPU
		{0CAD23E3-351F-4FDA-BFE6-D966F0DEF194}.AppStore|x86.Build.0 = Debug|Any CPU
		{0CAD23E3-351F-4FDA-BFE6-D966F0DEF194}.Debug|Any CPU.ActiveCfg = Debug|Any CPU
		{0CAD23E3-351F-4FDA-BFE6-D966F0DEF194}.Debug|Any CPU.Build.0 = Debug|Any CPU
		{0CAD23E3-351F-4FDA-BFE6-D966F0DEF194}.Debug|ARM.ActiveCfg = Debug|Any CPU
		{0CAD23E3-351F-4FDA-BFE6-D966F0DEF194}.Debug|ARM.Build.0 = Debug|Any CPU
		{0CAD23E3-351F-4FDA-BFE6-D966F0DEF194}.Debug|ARM64.ActiveCfg = Debug|Any CPU
		{0CAD23E3-351F-4FDA-BFE6-D966F0DEF194}.Debug|ARM64.Build.0 = Debug|Any CPU
		{0CAD23E3-351F-4FDA-BFE6-D966F0DEF194}.Debug|iPhone.ActiveCfg = Debug|Any CPU
		{0CAD23E3-351F-4FDA-BFE6-D966F0DEF194}.Debug|iPhone.Build.0 = Debug|Any CPU
		{0CAD23E3-351F-4FDA-BFE6-D966F0DEF194}.Debug|iPhoneSimulator.ActiveCfg = Debug|Any CPU
		{0CAD23E3-351F-4FDA-BFE6-D966F0DEF194}.Debug|iPhoneSimulator.Build.0 = Debug|Any CPU
		{0CAD23E3-351F-4FDA-BFE6-D966F0DEF194}.Debug|x64.ActiveCfg = Debug|Any CPU
		{0CAD23E3-351F-4FDA-BFE6-D966F0DEF194}.Debug|x64.Build.0 = Debug|Any CPU
		{0CAD23E3-351F-4FDA-BFE6-D966F0DEF194}.Debug|x86.ActiveCfg = Debug|Any CPU
		{0CAD23E3-351F-4FDA-BFE6-D966F0DEF194}.Debug|x86.Build.0 = Debug|Any CPU
		{0CAD23E3-351F-4FDA-BFE6-D966F0DEF194}.MultiRepoDebug|Any CPU.ActiveCfg = Debug|Any CPU
		{0CAD23E3-351F-4FDA-BFE6-D966F0DEF194}.MultiRepoDebug|Any CPU.Build.0 = Debug|Any CPU
		{0CAD23E3-351F-4FDA-BFE6-D966F0DEF194}.MultiRepoDebug|ARM.ActiveCfg = Debug|Any CPU
		{0CAD23E3-351F-4FDA-BFE6-D966F0DEF194}.MultiRepoDebug|ARM.Build.0 = Debug|Any CPU
		{0CAD23E3-351F-4FDA-BFE6-D966F0DEF194}.MultiRepoDebug|ARM64.ActiveCfg = Debug|Any CPU
		{0CAD23E3-351F-4FDA-BFE6-D966F0DEF194}.MultiRepoDebug|ARM64.Build.0 = Debug|Any CPU
		{0CAD23E3-351F-4FDA-BFE6-D966F0DEF194}.MultiRepoDebug|iPhone.ActiveCfg = Debug|Any CPU
		{0CAD23E3-351F-4FDA-BFE6-D966F0DEF194}.MultiRepoDebug|iPhone.Build.0 = Debug|Any CPU
		{0CAD23E3-351F-4FDA-BFE6-D966F0DEF194}.MultiRepoDebug|iPhoneSimulator.ActiveCfg = Debug|Any CPU
		{0CAD23E3-351F-4FDA-BFE6-D966F0DEF194}.MultiRepoDebug|iPhoneSimulator.Build.0 = Debug|Any CPU
		{0CAD23E3-351F-4FDA-BFE6-D966F0DEF194}.MultiRepoDebug|x64.ActiveCfg = Debug|Any CPU
		{0CAD23E3-351F-4FDA-BFE6-D966F0DEF194}.MultiRepoDebug|x64.Build.0 = Debug|Any CPU
		{0CAD23E3-351F-4FDA-BFE6-D966F0DEF194}.MultiRepoDebug|x86.ActiveCfg = Debug|Any CPU
		{0CAD23E3-351F-4FDA-BFE6-D966F0DEF194}.MultiRepoDebug|x86.Build.0 = Debug|Any CPU
		{0CAD23E3-351F-4FDA-BFE6-D966F0DEF194}.Release|Any CPU.ActiveCfg = Release|Any CPU
		{0CAD23E3-351F-4FDA-BFE6-D966F0DEF194}.Release|Any CPU.Build.0 = Release|Any CPU
		{0CAD23E3-351F-4FDA-BFE6-D966F0DEF194}.Release|ARM.ActiveCfg = Release|Any CPU
		{0CAD23E3-351F-4FDA-BFE6-D966F0DEF194}.Release|ARM.Build.0 = Release|Any CPU
		{0CAD23E3-351F-4FDA-BFE6-D966F0DEF194}.Release|ARM64.ActiveCfg = Release|Any CPU
		{0CAD23E3-351F-4FDA-BFE6-D966F0DEF194}.Release|ARM64.Build.0 = Release|Any CPU
		{0CAD23E3-351F-4FDA-BFE6-D966F0DEF194}.Release|iPhone.ActiveCfg = Release|Any CPU
		{0CAD23E3-351F-4FDA-BFE6-D966F0DEF194}.Release|iPhone.Build.0 = Release|Any CPU
		{0CAD23E3-351F-4FDA-BFE6-D966F0DEF194}.Release|iPhoneSimulator.ActiveCfg = Release|Any CPU
		{0CAD23E3-351F-4FDA-BFE6-D966F0DEF194}.Release|iPhoneSimulator.Build.0 = Release|Any CPU
		{0CAD23E3-351F-4FDA-BFE6-D966F0DEF194}.Release|x64.ActiveCfg = Release|Any CPU
		{0CAD23E3-351F-4FDA-BFE6-D966F0DEF194}.Release|x64.Build.0 = Release|Any CPU
		{0CAD23E3-351F-4FDA-BFE6-D966F0DEF194}.Release|x86.ActiveCfg = Release|Any CPU
		{0CAD23E3-351F-4FDA-BFE6-D966F0DEF194}.Release|x86.Build.0 = Release|Any CPU
		{6EBB92C2-9093-42BD-94F0-50BE0240F456}.Ad-Hoc|Any CPU.ActiveCfg = AppCenter|Any CPU
		{6EBB92C2-9093-42BD-94F0-50BE0240F456}.Ad-Hoc|Any CPU.Build.0 = AppCenter|Any CPU
		{6EBB92C2-9093-42BD-94F0-50BE0240F456}.Ad-Hoc|ARM.ActiveCfg = AppCenter|Any CPU
		{6EBB92C2-9093-42BD-94F0-50BE0240F456}.Ad-Hoc|ARM.Build.0 = AppCenter|Any CPU
		{6EBB92C2-9093-42BD-94F0-50BE0240F456}.Ad-Hoc|ARM64.ActiveCfg = AppCenter|Any CPU
		{6EBB92C2-9093-42BD-94F0-50BE0240F456}.Ad-Hoc|ARM64.Build.0 = AppCenter|Any CPU
		{6EBB92C2-9093-42BD-94F0-50BE0240F456}.Ad-Hoc|iPhone.ActiveCfg = AppCenter|Any CPU
		{6EBB92C2-9093-42BD-94F0-50BE0240F456}.Ad-Hoc|iPhone.Build.0 = AppCenter|Any CPU
		{6EBB92C2-9093-42BD-94F0-50BE0240F456}.Ad-Hoc|iPhoneSimulator.ActiveCfg = AppCenter|Any CPU
		{6EBB92C2-9093-42BD-94F0-50BE0240F456}.Ad-Hoc|iPhoneSimulator.Build.0 = AppCenter|Any CPU
		{6EBB92C2-9093-42BD-94F0-50BE0240F456}.Ad-Hoc|x64.ActiveCfg = AppCenter|Any CPU
		{6EBB92C2-9093-42BD-94F0-50BE0240F456}.Ad-Hoc|x64.Build.0 = AppCenter|Any CPU
		{6EBB92C2-9093-42BD-94F0-50BE0240F456}.Ad-Hoc|x86.ActiveCfg = AppCenter|Any CPU
		{6EBB92C2-9093-42BD-94F0-50BE0240F456}.Ad-Hoc|x86.Build.0 = AppCenter|Any CPU
		{6EBB92C2-9093-42BD-94F0-50BE0240F456}.AppCenter|Any CPU.ActiveCfg = AppCenter|Any CPU
		{6EBB92C2-9093-42BD-94F0-50BE0240F456}.AppCenter|Any CPU.Build.0 = AppCenter|Any CPU
		{6EBB92C2-9093-42BD-94F0-50BE0240F456}.AppCenter|ARM.ActiveCfg = AppCenter|Any CPU
		{6EBB92C2-9093-42BD-94F0-50BE0240F456}.AppCenter|ARM.Build.0 = AppCenter|Any CPU
		{6EBB92C2-9093-42BD-94F0-50BE0240F456}.AppCenter|ARM64.ActiveCfg = AppCenter|Any CPU
		{6EBB92C2-9093-42BD-94F0-50BE0240F456}.AppCenter|ARM64.Build.0 = AppCenter|Any CPU
		{6EBB92C2-9093-42BD-94F0-50BE0240F456}.AppCenter|iPhone.ActiveCfg = AppCenter|Any CPU
		{6EBB92C2-9093-42BD-94F0-50BE0240F456}.AppCenter|iPhone.Build.0 = AppCenter|Any CPU
		{6EBB92C2-9093-42BD-94F0-50BE0240F456}.AppCenter|iPhoneSimulator.ActiveCfg = AppCenter|Any CPU
		{6EBB92C2-9093-42BD-94F0-50BE0240F456}.AppCenter|iPhoneSimulator.Build.0 = AppCenter|Any CPU
		{6EBB92C2-9093-42BD-94F0-50BE0240F456}.AppCenter|x64.ActiveCfg = AppCenter|Any CPU
		{6EBB92C2-9093-42BD-94F0-50BE0240F456}.AppCenter|x64.Build.0 = AppCenter|Any CPU
		{6EBB92C2-9093-42BD-94F0-50BE0240F456}.AppCenter|x86.ActiveCfg = AppCenter|Any CPU
		{6EBB92C2-9093-42BD-94F0-50BE0240F456}.AppCenter|x86.Build.0 = AppCenter|Any CPU
		{6EBB92C2-9093-42BD-94F0-50BE0240F456}.AppStore|Any CPU.ActiveCfg = AppStore|Any CPU
		{6EBB92C2-9093-42BD-94F0-50BE0240F456}.AppStore|Any CPU.Build.0 = AppStore|Any CPU
		{6EBB92C2-9093-42BD-94F0-50BE0240F456}.AppStore|ARM.ActiveCfg = AppStore|Any CPU
		{6EBB92C2-9093-42BD-94F0-50BE0240F456}.AppStore|ARM.Build.0 = AppStore|Any CPU
		{6EBB92C2-9093-42BD-94F0-50BE0240F456}.AppStore|ARM64.ActiveCfg = AppStore|Any CPU
		{6EBB92C2-9093-42BD-94F0-50BE0240F456}.AppStore|ARM64.Build.0 = AppStore|Any CPU
		{6EBB92C2-9093-42BD-94F0-50BE0240F456}.AppStore|iPhone.ActiveCfg = AppStore|Any CPU
		{6EBB92C2-9093-42BD-94F0-50BE0240F456}.AppStore|iPhone.Build.0 = AppStore|Any CPU
		{6EBB92C2-9093-42BD-94F0-50BE0240F456}.AppStore|iPhoneSimulator.ActiveCfg = AppStore|Any CPU
		{6EBB92C2-9093-42BD-94F0-50BE0240F456}.AppStore|iPhoneSimulator.Build.0 = AppStore|Any CPU
		{6EBB92C2-9093-42BD-94F0-50BE0240F456}.AppStore|x64.ActiveCfg = AppStore|Any CPU
		{6EBB92C2-9093-42BD-94F0-50BE0240F456}.AppStore|x64.Build.0 = AppStore|Any CPU
		{6EBB92C2-9093-42BD-94F0-50BE0240F456}.AppStore|x86.ActiveCfg = AppStore|Any CPU
		{6EBB92C2-9093-42BD-94F0-50BE0240F456}.AppStore|x86.Build.0 = AppStore|Any CPU
		{6EBB92C2-9093-42BD-94F0-50BE0240F456}.Debug|Any CPU.ActiveCfg = Debug|Any CPU
		{6EBB92C2-9093-42BD-94F0-50BE0240F456}.Debug|Any CPU.Build.0 = Debug|Any CPU
		{6EBB92C2-9093-42BD-94F0-50BE0240F456}.Debug|ARM.ActiveCfg = Debug|Any CPU
		{6EBB92C2-9093-42BD-94F0-50BE0240F456}.Debug|ARM.Build.0 = Debug|Any CPU
		{6EBB92C2-9093-42BD-94F0-50BE0240F456}.Debug|ARM64.ActiveCfg = Debug|Any CPU
		{6EBB92C2-9093-42BD-94F0-50BE0240F456}.Debug|ARM64.Build.0 = Debug|Any CPU
		{6EBB92C2-9093-42BD-94F0-50BE0240F456}.Debug|iPhone.ActiveCfg = Debug|Any CPU
		{6EBB92C2-9093-42BD-94F0-50BE0240F456}.Debug|iPhone.Build.0 = Debug|Any CPU
		{6EBB92C2-9093-42BD-94F0-50BE0240F456}.Debug|iPhoneSimulator.ActiveCfg = Debug|Any CPU
		{6EBB92C2-9093-42BD-94F0-50BE0240F456}.Debug|iPhoneSimulator.Build.0 = Debug|Any CPU
		{6EBB92C2-9093-42BD-94F0-50BE0240F456}.Debug|x64.ActiveCfg = Debug|Any CPU
		{6EBB92C2-9093-42BD-94F0-50BE0240F456}.Debug|x64.Build.0 = Debug|Any CPU
		{6EBB92C2-9093-42BD-94F0-50BE0240F456}.Debug|x86.ActiveCfg = Debug|Any CPU
		{6EBB92C2-9093-42BD-94F0-50BE0240F456}.Debug|x86.Build.0 = Debug|Any CPU
		{6EBB92C2-9093-42BD-94F0-50BE0240F456}.MultiRepoDebug|Any CPU.ActiveCfg = MultiRepoDebug|Any CPU
		{6EBB92C2-9093-42BD-94F0-50BE0240F456}.MultiRepoDebug|Any CPU.Build.0 = MultiRepoDebug|Any CPU
		{6EBB92C2-9093-42BD-94F0-50BE0240F456}.MultiRepoDebug|ARM.ActiveCfg = MultiRepoDebug|Any CPU
		{6EBB92C2-9093-42BD-94F0-50BE0240F456}.MultiRepoDebug|ARM.Build.0 = MultiRepoDebug|Any CPU
		{6EBB92C2-9093-42BD-94F0-50BE0240F456}.MultiRepoDebug|ARM64.ActiveCfg = MultiRepoDebug|Any CPU
		{6EBB92C2-9093-42BD-94F0-50BE0240F456}.MultiRepoDebug|ARM64.Build.0 = MultiRepoDebug|Any CPU
		{6EBB92C2-9093-42BD-94F0-50BE0240F456}.MultiRepoDebug|iPhone.ActiveCfg = MultiRepoDebug|Any CPU
		{6EBB92C2-9093-42BD-94F0-50BE0240F456}.MultiRepoDebug|iPhone.Build.0 = MultiRepoDebug|Any CPU
		{6EBB92C2-9093-42BD-94F0-50BE0240F456}.MultiRepoDebug|iPhoneSimulator.ActiveCfg = MultiRepoDebug|Any CPU
		{6EBB92C2-9093-42BD-94F0-50BE0240F456}.MultiRepoDebug|iPhoneSimulator.Build.0 = MultiRepoDebug|Any CPU
		{6EBB92C2-9093-42BD-94F0-50BE0240F456}.MultiRepoDebug|x64.ActiveCfg = MultiRepoDebug|Any CPU
		{6EBB92C2-9093-42BD-94F0-50BE0240F456}.MultiRepoDebug|x64.Build.0 = MultiRepoDebug|Any CPU
		{6EBB92C2-9093-42BD-94F0-50BE0240F456}.MultiRepoDebug|x86.ActiveCfg = MultiRepoDebug|Any CPU
		{6EBB92C2-9093-42BD-94F0-50BE0240F456}.MultiRepoDebug|x86.Build.0 = MultiRepoDebug|Any CPU
		{6EBB92C2-9093-42BD-94F0-50BE0240F456}.Release|Any CPU.ActiveCfg = Release|Any CPU
		{6EBB92C2-9093-42BD-94F0-50BE0240F456}.Release|Any CPU.Build.0 = Release|Any CPU
		{6EBB92C2-9093-42BD-94F0-50BE0240F456}.Release|ARM.ActiveCfg = Release|Any CPU
		{6EBB92C2-9093-42BD-94F0-50BE0240F456}.Release|ARM.Build.0 = Release|Any CPU
		{6EBB92C2-9093-42BD-94F0-50BE0240F456}.Release|ARM64.ActiveCfg = Release|Any CPU
		{6EBB92C2-9093-42BD-94F0-50BE0240F456}.Release|ARM64.Build.0 = Release|Any CPU
		{6EBB92C2-9093-42BD-94F0-50BE0240F456}.Release|iPhone.ActiveCfg = Release|Any CPU
		{6EBB92C2-9093-42BD-94F0-50BE0240F456}.Release|iPhone.Build.0 = Release|Any CPU
		{6EBB92C2-9093-42BD-94F0-50BE0240F456}.Release|iPhoneSimulator.ActiveCfg = Release|Any CPU
		{6EBB92C2-9093-42BD-94F0-50BE0240F456}.Release|iPhoneSimulator.Build.0 = Release|Any CPU
		{6EBB92C2-9093-42BD-94F0-50BE0240F456}.Release|x64.ActiveCfg = Release|Any CPU
		{6EBB92C2-9093-42BD-94F0-50BE0240F456}.Release|x64.Build.0 = Release|Any CPU
		{6EBB92C2-9093-42BD-94F0-50BE0240F456}.Release|x86.ActiveCfg = Release|Any CPU
		{6EBB92C2-9093-42BD-94F0-50BE0240F456}.Release|x86.Build.0 = Release|Any CPU
	EndGlobalSection
	GlobalSection(SolutionProperties) = preSolution
		HideSolutionNode = FALSE
	EndGlobalSection
	GlobalSection(NestedProjects) = preSolution
		{3A6DD632-4599-4089-B460-21982522798F} = {D6A485AD-F4AB-4CDD-AE40-89BCC32F412C}
		{0CAD23E3-351F-4FDA-BFE6-D966F0DEF194} = {D6A485AD-F4AB-4CDD-AE40-89BCC32F412C}
	EndGlobalSection
	GlobalSection(ExtensibilityGlobals) = postSolution
		SolutionGuid = {1B85EADD-1CC5-4EC8-A11F-0EDCEE0616A1}
	EndGlobalSection
	GlobalSection(SharedMSBuildProjectFiles) = preSolution
		App9\App9.Shared\App9.Shared.projitems*{0cad23e3-351f-4fda-bfe6-d966f0def194}*SharedItemsImports = 5
		App9\App9.Shared\App9.Shared.projitems*{3a6dd632-4599-4089-b460-21982522798f}*SharedItemsImports = 4
		App9\App9.Shared\App9.Shared.projitems*{6279c845-92f8-4333-ab99-3d213163593c}*SharedItemsImports = 13
	EndGlobalSection
EndGlobal
